{
  "nodes": {
    "flake-compat": {
      "flake": false,
      "locked": {
        "lastModified": 1668681692,
        "narHash": "sha256-Ht91NGdewz8IQLtWZ9LCeNXMSXHUss+9COoqu6JLmXU=",
        "owner": "edolstra",
        "repo": "flake-compat",
        "rev": "009399224d5e398d03b22badca40a37ac85412a1",
        "type": "github"
      },
      "original": {
        "owner": "edolstra",
        "repo": "flake-compat",
        "type": "github"
      }
    },
    "flake-utils": {
      "locked": {
        "lastModified": 1667395993,
        "narHash": "sha256-nuEHfE/LcWyuSWnS8t12N1wc105Qtau+/OdUAjtQ0rA=",
        "owner": "numtide",
        "repo": "flake-utils",
        "rev": "5aed5285a952e0b949eb3ba02c12fa4fcfef535f",
        "type": "github"
      },
      "original": {
        "owner": "numtide",
        "repo": "flake-utils",
        "type": "github"
      }
    },
    "flake-utils_2": {
      "locked": {
        "lastModified": 1659877975,
        "narHash": "sha256-zllb8aq3YO3h8B/U0/J1WBgAL8EX5yWf5pMj3G0NAmc=",
        "owner": "numtide",
        "repo": "flake-utils",
        "rev": "c0e246b9b83f637f4681389ecabcb2681b4f3af0",
        "type": "github"
      },
      "original": {
        "owner": "numtide",
        "repo": "flake-utils",
        "type": "github"
      }
    },
    "flake-utils_3": {
      "locked": {
        "lastModified": 1667395993,
        "narHash": "sha256-nuEHfE/LcWyuSWnS8t12N1wc105Qtau+/OdUAjtQ0rA=",
        "owner": "numtide",
        "repo": "flake-utils",
        "rev": "5aed5285a952e0b949eb3ba02c12fa4fcfef535f",
        "type": "github"
      },
      "original": {
        "owner": "numtide",
        "repo": "flake-utils",
        "type": "github"
      }
    },
    "home-manager": {
      "inputs": {
        "nixpkgs": [
          "nixpkgs"
        ],
        "utils": "utils"
      },
      "locked": {
        "lastModified": 1669328018,
        "narHash": "sha256-aJRMobnNDEXKwoSZFS4hGjGU1WDNxkQ82BVKAEohOfY=",
        "owner": "nix-community",
        "repo": "home-manager",
        "rev": "62cb5bcf93896e4dd6b4507dac7ba2e2e3abc9d7",
        "type": "github"
      },
      "original": {
        "owner": "nix-community",
        "repo": "home-manager",
        "type": "github"
      }
    },
    "newmpkg": {
      "inputs": {
        "flake-utils": "flake-utils_2",
        "nixpkgs": [
          "nixpkgs"
        ],
        "pywmpkg": "pywmpkg"
      },
      "locked": {
        "lastModified": 1666033427,
        "narHash": "sha256-l1BQ6fsWVcywH6iZ9K+qYFXdPxul8RK1ttcRsR5qpUs=",
        "owner": "jbuchermn",
        "repo": "newm",
        "rev": "40c1af12de990d07a9e3fe7f9d07e9efba31dc89",
        "type": "github"
      },
      "original": {
        "owner": "jbuchermn",
        "repo": "newm",
        "type": "github"
      }
    },
    "nixpkgs": {
      "locked": {
        "lastModified": 1669320964,
        "narHash": "sha256-EBFw+ge12Pcr3qCk8If3/eMBAoQLR7ytndXZoRevUtM=",
        "owner": "NixOS",
        "repo": "nixpkgs",
        "rev": "27ccd29078f974ddbdd7edc8e38c8c8ae003c877",
        "type": "github"
      },
      "original": {
        "owner": "NixOS",
        "ref": "nixos-unstable",
        "repo": "nixpkgs",
        "type": "github"
      }
    },
    "pywmpkg": {
      "inputs": {
        "flake-utils": [
          "newmpkg",
          "flake-utils"
        ],
        "nixpkgs": [
          "newmpkg",
          "nixpkgs"
        ]
      },
      "locked": {
        "lastModified": 1666033148,
        "narHash": "sha256-KNaTXo2ZDPFVYH7JBogV5z1M39KiNyMAH2cQSrLa7fs=",
        "owner": "jbuchermn",
        "repo": "pywm",
        "rev": "f20828d8c29dc430cf6d1e59e4fdf92dc3caf36a",
        "type": "github"
      },
      "original": {
        "owner": "jbuchermn",
        "repo": "pywm",
        "type": "github"
      }
    },
    "root": {
      "inputs": {
        "flake-compat": "flake-compat",
        "flake-utils": "flake-utils",
        "home-manager": "home-manager",
        "newmpkg": "newmpkg",
        "nixpkgs": "nixpkgs",
        "tibiiius-pkgs": "tibiiius-pkgs"
      }
    },
    "tibiiius-pkgs": {
      "inputs": {
        "flake-utils": "flake-utils_3",
        "nixpkgs": [
          "nixpkgs"
        ]
      },
      "locked": {
        "lastModified": 1669335553,
        "narHash": "sha256-qsHjotwMBWPO03AA7LmmZ0G9sBOvmovYG+1YeyOpy6c=",
        "owner": "TibiIius",
        "repo": "nix-overlays",
        "rev": "6e0b3540d9849e9fcac436a45c6605de93ca3217",
        "type": "github"
      },
      "original": {
        "owner": "TibiIius",
        "repo": "nix-overlays",
        "type": "github"
      }
    },
    "utils": {
      "locked": {
        "lastModified": 1667395993,
        "narHash": "sha256-nuEHfE/LcWyuSWnS8t12N1wc105Qtau+/OdUAjtQ0rA=",
        "owner": "numtide",
        "repo": "flake-utils",
        "rev": "5aed5285a952e0b949eb3ba02c12fa4fcfef535f",
        "type": "github"
      },
      "original": {
        "owner": "numtide",
        "repo": "flake-utils",
        "type": "github"
      }
    }
  },
  "root": "root",
  "version": 7
}
